
Microsoft Visual Studio Solution File, Format Version 12.00
Project("{FAE04EC0-301F-11D3-BF4B-00C04F79EFBC}") = "NotNull.AppHost", "NotNull.AppHost\NotNull.AppHost.csproj", "{76E36771-3CAF-4BEE-95EA-8D3D4B443FDF}"
EndProject
Project("{FAE04EC0-301F-11D3-BF4B-00C04F79EFBC}") = "NotNull.ServiceDefaults", "NotNull.ServiceDefaults\NotNull.ServiceDefaults.csproj", "{596E9405-A862-451E-8A17-CCD949287D6F}"
EndProject
Global
	GlobalSection(SolutionConfigurationPlatforms) = preSolution
		Debug|Any CPU = Debug|Any CPU
		Release|Any CPU = Release|Any CPU
	EndGlobalSection
	GlobalSection(ProjectConfigurationPlatforms) = postSolution
		{76E36771-3CAF-4BEE-95EA-8D3D4B443FDF}.Debug|Any CPU.ActiveCfg = Debug|Any CPU
		{76E36771-3CAF-4BEE-95EA-8D3D4B443FDF}.Debug|Any CPU.Build.0 = Debug|Any CPU
		{76E36771-3CAF-4BEE-95EA-8D3D4B443FDF}.Release|Any CPU.ActiveCfg = Release|Any CPU
		{76E36771-3CAF-4BEE-95EA-8D3D4B443FDF}.Release|Any CPU.Build.0 = Release|Any CPU
		{596E9405-A862-451E-8A17-CCD949287D6F}.Debug|Any CPU.ActiveCfg = Debug|Any CPU
		{596E9405-A862-451E-8A17-CCD949287D6F}.Debug|Any CPU.Build.0 = Debug|Any CPU
		{596E9405-A862-451E-8A17-CCD949287D6F}.Release|Any CPU.ActiveCfg = Release|Any CPU
		{596E9405-A862-451E-8A17-CCD949287D6F}.Release|Any CPU.Build.0 = Release|Any CPU
	EndGlobalSection
EndGlobal
