
Microsoft Visual Studio Solution File, Format Version 12.00
Project("{FAE04EC0-301F-11D3-BF4B-00C04F79EFBC}") = "NotNull.AppHost", "NotNull.AppHost\NotNull.AppHost.csproj", "{76E36771-3CAF-4BEE-95EA-8D3D4B443FDF}"
EndProject
Project("{FAE04EC0-301F-11D3-BF4B-00C04F79EFBC}") = "NotNull.ServiceDefaults", "NotNull.ServiceDefaults\NotNull.ServiceDefaults.csproj", "{596E9405-A862-451E-8A17-CCD949287D6F}"
EndProject
Project("{2150E333-8FDC-42A3-9474-1A3956D46DE8}") = "services", "services", "{2A535D43-DDE4-413C-A6F4-CDEF51A5ED0E}"
EndProject
Project("{FAE04EC0-301F-11D3-BF4B-00C04F79EFBC}") = "QuestionService", "QuestionService\QuestionService.csproj", "{4A14AD85-727B-4A5F-9637-12C41F24EA6F}"
EndProject
Project("{FAE04EC0-301F-11D3-BF4B-00C04F79EFBC}") = "SearchService", "SearchService\SearchService.csproj", "{2823273D-06EF-4614-8495-717BD14EDC89}"
EndProject
Global
	GlobalSection(SolutionConfigurationPlatforms) = preSolution
		Debug|Any CPU = Debug|Any CPU
		Release|Any CPU = Release|Any CPU
	EndGlobalSection
	GlobalSection(ProjectConfigurationPlatforms) = postSolution
		{76E36771-3CAF-4BEE-95EA-8D3D4B443FDF}.Debug|Any CPU.ActiveCfg = Debug|Any CPU
		{76E36771-3CAF-4BEE-95EA-8D3D4B443FDF}.Debug|Any CPU.Build.0 = Debug|Any CPU
		{76E36771-3CAF-4BEE-95EA-8D3D4B443FDF}.Release|Any CPU.ActiveCfg = Release|Any CPU
		{76E36771-3CAF-4BEE-95EA-8D3D4B443FDF}.Release|Any CPU.Build.0 = Release|Any CPU
		{596E9405-A862-451E-8A17-CCD949287D6F}.Debug|Any CPU.ActiveCfg = Debug|Any CPU
		{596E9405-A862-451E-8A17-CCD949287D6F}.Debug|Any CPU.Build.0 = Debug|Any CPU
		{596E9405-A862-451E-8A17-CCD949287D6F}.Release|Any CPU.ActiveCfg = Release|Any CPU
		{596E9405-A862-451E-8A17-CCD949287D6F}.Release|Any CPU.Build.0 = Release|Any CPU
		{4A14AD85-727B-4A5F-9637-12C41F24EA6F}.Debug|Any CPU.ActiveCfg = Debug|Any CPU
		{4A14AD85-727B-4A5F-9637-12C41F24EA6F}.Debug|Any CPU.Build.0 = Debug|Any CPU
		{4A14AD85-727B-4A5F-9637-12C41F24EA6F}.Release|Any CPU.ActiveCfg = Release|Any CPU
		{4A14AD85-727B-4A5F-9637-12C41F24EA6F}.Release|Any CPU.Build.0 = Release|Any CPU
		{2823273D-06EF-4614-8495-717BD14EDC89}.Debug|Any CPU.ActiveCfg = Debug|Any CPU
		{2823273D-06EF-4614-8495-717BD14EDC89}.Debug|Any CPU.Build.0 = Debug|Any CPU
		{2823273D-06EF-4614-8495-717BD14EDC89}.Release|Any CPU.ActiveCfg = Release|Any CPU
		{2823273D-06EF-4614-8495-717BD14EDC89}.Release|Any CPU.Build.0 = Release|Any CPU
	EndGlobalSection
	GlobalSection(NestedProjects) = preSolution
		{4A14AD85-727B-4A5F-9637-12C41F24EA6F} = {2A535D43-DDE4-413C-A6F4-CDEF51A5ED0E}
		{2823273D-06EF-4614-8495-717BD14EDC89} = {2A535D43-DDE4-413C-A6F4-CDEF51A5ED0E}
	EndGlobalSection
EndGlobal
